
Microsoft Visual Studio Solution File, Format Version 12.00
# Visual Studio Version 16
VisualStudioVersion = 16.0.32510.428
MinimumVisualStudioVersion = 10.0.40219.1
Project("{9A19103F-16F7-4668-BE54-9A1E7A4F7556}") = "Variables", "Variables\Variables.csproj", "{9B0BEA89-64D8-4A98-B3B2-5A7EF001BA0E}"
EndProject
Project("{FAE04EC0-301F-11D3-BF4B-00C04F79EFBC}") = "DesicionesyBucles", "DesicionesyBucles\DesicionesyBucles.csproj", "{4B657194-9D3F-487E-B56E-8A36A3C0561F}"
EndProject
Global
	GlobalSection(SolutionConfigurationPlatforms) = preSolution
		Debug|Any CPU = Debug|Any CPU
		Release|Any CPU = Release|Any CPU
	EndGlobalSection
	GlobalSection(ProjectConfigurationPlatforms) = postSolution
		{9B0BEA89-64D8-4A98-B3B2-5A7EF001BA0E}.Debug|Any CPU.ActiveCfg = Debug|Any CPU
		{9B0BEA89-64D8-4A98-B3B2-5A7EF001BA0E}.Debug|Any CPU.Build.0 = Debug|Any CPU
		{9B0BEA89-64D8-4A98-B3B2-5A7EF001BA0E}.Release|Any CPU.ActiveCfg = Release|Any CPU
		{9B0BEA89-64D8-4A98-B3B2-5A7EF001BA0E}.Release|Any CPU.Build.0 = Release|Any CPU
		{4B657194-9D3F-487E-B56E-8A36A3C0561F}.Debug|Any CPU.ActiveCfg = Debug|Any CPU
		{4B657194-9D3F-487E-B56E-8A36A3C0561F}.Debug|Any CPU.Build.0 = Debug|Any CPU
		{4B657194-9D3F-487E-B56E-8A36A3C0561F}.Release|Any CPU.ActiveCfg = Release|Any CPU
		{4B657194-9D3F-487E-B56E-8A36A3C0561F}.Release|Any CPU.Build.0 = Release|Any CPU
	EndGlobalSection
	GlobalSection(SolutionProperties) = preSolution
		HideSolutionNode = FALSE
	EndGlobalSection
	GlobalSection(ExtensibilityGlobals) = postSolution
		SolutionGuid = {AC42E0DE-8AD6-4381-AA01-7947EC1490B3}
	EndGlobalSection
EndGlobal
